// !$*UTF8*$!
{
	archiveVersion = 1;
	classes = {
	};
	objectVersion = 52;
	objects = {

/* Begin PBXBuildFile section */
		A48EA8032696E6D200510E05 /* SignalProtocolC.framework in Frameworks */ = {isa = PBXBuildFile; fileRef = A4E2950F2695F1F100E46B18 /* SignalProtocolC.framework */; };
		A48EA8042696E6D200510E05 /* SignalProtocolC.framework in Embed Frameworks */ = {isa = PBXBuildFile; fileRef = A4E2950F2695F1F100E46B18 /* SignalProtocolC.framework */; settings = {ATTRIBUTES = (CodeSignOnCopy, RemoveHeadersOnCopy, ); }; };
		A48EA8072696E6D400510E05 /* SignalProtocolObjC.framework in Frameworks */ = {isa = PBXBuildFile; fileRef = A4E2950E2695F1F100E46B18 /* SignalProtocolObjC.framework */; };
		A48EA8082696E6D400510E05 /* SignalProtocolObjC.framework in Embed Frameworks */ = {isa = PBXBuildFile; fileRef = A4E2950E2695F1F100E46B18 /* SignalProtocolObjC.framework */; settings = {ATTRIBUTES = (CodeSignOnCopy, RemoveHeadersOnCopy, ); }; };
		A48EA80C2696E9D700510E05 /* MainManager.swift in Sources */ = {isa = PBXBuildFile; fileRef = A48EA80B2696E9D700510E05 /* MainManager.swift */; };
		A48EA8102697450000510E05 /* Configuration.swift in Sources */ = {isa = PBXBuildFile; fileRef = A48EA80F2697450000510E05 /* Configuration.swift */; };
		A48EA8142697496500510E05 /* Logger.swift in Sources */ = {isa = PBXBuildFile; fileRef = A48EA8132697496500510E05 /* Logger.swift */; };
		A4B21273269D9C4E007E3B95 /* MessagingManager.swift in Sources */ = {isa = PBXBuildFile; fileRef = A4B21272269D9C4E007E3B95 /* MessagingManager.swift */; };
		A4B21277269DA093007E3B95 /* Chatee+PublicApi.swift in Sources */ = {isa = PBXBuildFile; fileRef = A4B21276269DA093007E3B95 /* Chatee+PublicApi.swift */; };
		A4B21279269DA7CE007E3B95 /* PresenceManager.swift in Sources */ = {isa = PBXBuildFile; fileRef = A4B21278269DA7CE007E3B95 /* PresenceManager.swift */; };
		A4B2127B269DA91D007E3B95 /* FileTransferManager.swift in Sources */ = {isa = PBXBuildFile; fileRef = A4B2127A269DA91D007E3B95 /* FileTransferManager.swift */; };
		A4B21289269DB274007E3B95 /* OTRKit.framework in Frameworks */ = {isa = PBXBuildFile; fileRef = A4B21288269DB270007E3B95 /* OTRKit.framework */; };
		A4B2128A269DB274007E3B95 /* OTRKit.framework in Embed Frameworks */ = {isa = PBXBuildFile; fileRef = A4B21288269DB270007E3B95 /* OTRKit.framework */; settings = {ATTRIBUTES = (CodeSignOnCopy, RemoveHeadersOnCopy, ); }; };
		A4C07C20269852D000366946 /* ContactManager.swift in Sources */ = {isa = PBXBuildFile; fileRef = A4C07C1F269852D000366946 /* ContactManager.swift */; };
		A4C07C23269853AE00366946 /* ContactStorage.swift in Sources */ = {isa = PBXBuildFile; fileRef = A4C07C22269853AE00366946 /* ContactStorage.swift */; };
		A4C07C25269853CE00366946 /* Constant.swift in Sources */ = {isa = PBXBuildFile; fileRef = A4C07C24269853CE00366946 /* Constant.swift */; };
		A4C07C282698543600366946 /* ContactDBModel.swift in Sources */ = {isa = PBXBuildFile; fileRef = A4C07C272698543600366946 /* ContactDBModel.swift */; };
		A4C07C2A269854AD00366946 /* Errors.swift in Sources */ = {isa = PBXBuildFile; fileRef = A4C07C29269854AD00366946 /* Errors.swift */; };
		A4C07C2C269858D500366946 /* OmemoStorage.swift in Sources */ = {isa = PBXBuildFile; fileRef = A4C07C2B269858D500366946 /* OmemoStorage.swift */; };
		A4C07C2E269858EE00366946 /* OmemoDeviceDBModel.swift in Sources */ = {isa = PBXBuildFile; fileRef = A4C07C2D269858EE00366946 /* OmemoDeviceDBModel.swift */; };
		A4C07C302698590200366946 /* SessionDBModel.swift in Sources */ = {isa = PBXBuildFile; fileRef = A4C07C2F2698590200366946 /* SessionDBModel.swift */; };
		A4C07C322698593A00366946 /* SignedPreKeyDBModel.swift in Sources */ = {isa = PBXBuildFile; fileRef = A4C07C312698593A00366946 /* SignedPreKeyDBModel.swift */; };
		A4C07C342698594E00366946 /* SignalIdentityDBModel.swift in Sources */ = {isa = PBXBuildFile; fileRef = A4C07C332698594E00366946 /* SignalIdentityDBModel.swift */; };
		A4C07C362698596300366946 /* SenderKeyDBModel.swift in Sources */ = {isa = PBXBuildFile; fileRef = A4C07C352698596300366946 /* SenderKeyDBModel.swift */; };
		A4C07C382698597700366946 /* PreKeyDBModel.swift in Sources */ = {isa = PBXBuildFile; fileRef = A4C07C372698597700366946 /* PreKeyDBModel.swift */; };
		A4C07C3A26985D1700366946 /* SignalStorage.swift in Sources */ = {isa = PBXBuildFile; fileRef = A4C07C3926985D1700366946 /* SignalStorage.swift */; };
		A4C07C3E26985E0700366946 /* Omemo+Extension.swift in Sources */ = {isa = PBXBuildFile; fileRef = A4C07C3D26985E0700366946 /* Omemo+Extension.swift */; };
		A4C07C4026985EE000366946 /* MessageDBModel.swift in Sources */ = {isa = PBXBuildFile; fileRef = A4C07C3F26985EE000366946 /* MessageDBModel.swift */; };
		A4C07C4226985F0000366946 /* RoomDBModel.swift in Sources */ = {isa = PBXBuildFile; fileRef = A4C07C4126985F0000366946 /* RoomDBModel.swift */; };
		A4C07C4426985F3500366946 /* MessageStorage.swift in Sources */ = {isa = PBXBuildFile; fileRef = A4C07C4326985F3500366946 /* MessageStorage.swift */; };
		A4C07C462698601F00366946 /* OutgoingMessage.swift in Sources */ = {isa = PBXBuildFile; fileRef = A4C07C452698601F00366946 /* OutgoingMessage.swift */; };
		A4C07C482698622000366946 /* VCardManager.swift in Sources */ = {isa = PBXBuildFile; fileRef = A4C07C472698622000366946 /* VCardManager.swift */; };
		A4C07C4A2698622D00366946 /* OmemoManager.swift in Sources */ = {isa = PBXBuildFile; fileRef = A4C07C492698622D00366946 /* OmemoManager.swift */; };
		A4CCE0ED269C6E250022B220 /* KeyGenerator.swift in Sources */ = {isa = PBXBuildFile; fileRef = A4CCE0EC269C6E250022B220 /* KeyGenerator.swift */; };
		A4CCE0EF269C6E680022B220 /* SignalHelper.swift in Sources */ = {isa = PBXBuildFile; fileRef = A4CCE0EE269C6E680022B220 /* SignalHelper.swift */; };
		A4CCE0F2269C6F220022B220 /* SignalManager.swift in Sources */ = {isa = PBXBuildFile; fileRef = A4CCE0F1269C6F220022B220 /* SignalManager.swift */; };
		A4CCE0F4269C73390022B220 /* String+toJSON.swift in Sources */ = {isa = PBXBuildFile; fileRef = A4CCE0F3269C73390022B220 /* String+toJSON.swift */; };
		A4E294F02695B55E00E46B18 /* Chatee.framework in Frameworks */ = {isa = PBXBuildFile; fileRef = A4E294E62695B55D00E46B18 /* Chatee.framework */; };
		A4E294F52695B55E00E46B18 /* ChateeTests.swift in Sources */ = {isa = PBXBuildFile; fileRef = A4E294F42695B55E00E46B18 /* ChateeTests.swift */; };
		A4E294F72695B55E00E46B18 /* Chatee.h in Headers */ = {isa = PBXBuildFile; fileRef = A4E294E92695B55D00E46B18 /* Chatee.h */; settings = {ATTRIBUTES = (Public, ); }; };
		A4E295052695F15B00E46B18 /* Realm in Frameworks */ = {isa = PBXBuildFile; productRef = A4E295042695F15B00E46B18 /* Realm */; };
		A4E295072695F15B00E46B18 /* RealmSwift in Frameworks */ = {isa = PBXBuildFile; productRef = A4E295062695F15B00E46B18 /* RealmSwift */; };
		A4E2950A2695F18900E46B18 /* XMPPFramework in Frameworks */ = {isa = PBXBuildFile; productRef = A4E295092695F18900E46B18 /* XMPPFramework */; };
		A4E2950C2695F18900E46B18 /* XMPPFrameworkSwift in Frameworks */ = {isa = PBXBuildFile; productRef = A4E2950B2695F18900E46B18 /* XMPPFrameworkSwift */; };
		A4E295242695F40200E46B18 /* Chatee.swift in Sources */ = {isa = PBXBuildFile; fileRef = A4E295232695F40200E46B18 /* Chatee.swift */; };
		A4E295262695F43C00E46B18 /* ChateeProfileDelegate.swift in Sources */ = {isa = PBXBuildFile; fileRef = A4E295252695F43C00E46B18 /* ChateeProfileDelegate.swift */; };
		A4E295282695F48100E46B18 /* ChateeConversationDelegate.swift in Sources */ = {isa = PBXBuildFile; fileRef = A4E295272695F48100E46B18 /* ChateeConversationDelegate.swift */; };
		A4E2952A2695F49000E46B18 /* ChateeContactDelegate.swift in Sources */ = {isa = PBXBuildFile; fileRef = A4E295292695F49000E46B18 /* ChateeContactDelegate.swift */; };
		A4E2952C2695F49D00E46B18 /* ChateeErrorDelegate.swift in Sources */ = {isa = PBXBuildFile; fileRef = A4E2952B2695F49D00E46B18 /* ChateeErrorDelegate.swift */; };
		A4E295302695F66100E46B18 /* ChateeConversation.swift in Sources */ = {isa = PBXBuildFile; fileRef = A4E2952F2695F66100E46B18 /* ChateeConversation.swift */; };
		A4E295322695F66E00E46B18 /* ChateeMessage.swift in Sources */ = {isa = PBXBuildFile; fileRef = A4E295312695F66E00E46B18 /* ChateeMessage.swift */; };
		A4E295342695F67700E46B18 /* ChateeMessageStatus.swift in Sources */ = {isa = PBXBuildFile; fileRef = A4E295332695F67700E46B18 /* ChateeMessageStatus.swift */; };
		A4E295362695F67F00E46B18 /* ChateeContact.swift in Sources */ = {isa = PBXBuildFile; fileRef = A4E295352695F67F00E46B18 /* ChateeContact.swift */; };
		A4E295382695F69B00E46B18 /* ChateeRecentConversation.swift in Sources */ = {isa = PBXBuildFile; fileRef = A4E295372695F69B00E46B18 /* ChateeRecentConversation.swift */; };
		A4E2953A2695F6AB00E46B18 /* ChateeFile.swift in Sources */ = {isa = PBXBuildFile; fileRef = A4E295392695F6AB00E46B18 /* ChateeFile.swift */; };
		A4E2953C2695F6B600E46B18 /* ChateePresenceStatus.swift in Sources */ = {isa = PBXBuildFile; fileRef = A4E2953B2695F6B600E46B18 /* ChateePresenceStatus.swift */; };
		A4E2953E2695F6D000E46B18 /* ChateeChatState.swift in Sources */ = {isa = PBXBuildFile; fileRef = A4E2953D2695F6D000E46B18 /* ChateeChatState.swift */; };
		A4E295402695F6DD00E46B18 /* ChateeContactSubscription.swift in Sources */ = {isa = PBXBuildFile; fileRef = A4E2953F2695F6DD00E46B18 /* ChateeContactSubscription.swift */; };
		A4E295432695F70400E46B18 /* ChateeError.swift in Sources */ = {isa = PBXBuildFile; fileRef = A4E295422695F70400E46B18 /* ChateeError.swift */; };
		A4E2954E2695FA2000E46B18 /* Chatee+Delegates.swift in Sources */ = {isa = PBXBuildFile; fileRef = A4E2954D2695FA2000E46B18 /* Chatee+Delegates.swift */; };
/* End PBXBuildFile section */

/* Begin PBXContainerItemProxy section */
		A4B21285269DB270007E3B95 /* PBXContainerItemProxy */ = {
			isa = PBXContainerItemProxy;
			containerPortal = A4B21280269DB26F007E3B95 /* OTRKit.xcodeproj */;
			proxyType = 2;
			remoteGlobalIDString = D96A69CC235BB43E006FF925;
			remoteInfo = "OTRKit (macOS)";
		};
		A4B21287269DB270007E3B95 /* PBXContainerItemProxy */ = {
			isa = PBXContainerItemProxy;
			containerPortal = A4B21280269DB26F007E3B95 /* OTRKit.xcodeproj */;
			proxyType = 2;
			remoteGlobalIDString = D96A6A35235BB83B006FF925;
			remoteInfo = "OTRKit (iOS)";
		};
		A4E294F12695B55E00E46B18 /* PBXContainerItemProxy */ = {
			isa = PBXContainerItemProxy;
			containerPortal = A4E294DD2695B55D00E46B18 /* Project object */;
			proxyType = 1;
			remoteGlobalIDString = A4E294E52695B55D00E46B18;
			remoteInfo = Chatee;
		};
/* End PBXContainerItemProxy section */

/* Begin PBXCopyFilesBuildPhase section */
		A4E295222695F38900E46B18 /* Embed Frameworks */ = {
			isa = PBXCopyFilesBuildPhase;
			buildActionMask = 2147483647;
			dstPath = "";
			dstSubfolderSpec = 10;
			files = (
				A48EA8042696E6D200510E05 /* SignalProtocolC.framework in Embed Frameworks */,
				A48EA8082696E6D400510E05 /* SignalProtocolObjC.framework in Embed Frameworks */,
				A4B2128A269DB274007E3B95 /* OTRKit.framework in Embed Frameworks */,
			);
			name = "Embed Frameworks";
			runOnlyForDeploymentPostprocessing = 0;
		};
/* End PBXCopyFilesBuildPhase section */

/* Begin PBXFileReference section */
		A48EA80B2696E9D700510E05 /* MainManager.swift */ = {isa = PBXFileReference; lastKnownFileType = sourcecode.swift; path = MainManager.swift; sourceTree = "<group>"; };
		A48EA80F2697450000510E05 /* Configuration.swift */ = {isa = PBXFileReference; lastKnownFileType = sourcecode.swift; path = Configuration.swift; sourceTree = "<group>"; };
		A48EA8132697496500510E05 /* Logger.swift */ = {isa = PBXFileReference; lastKnownFileType = sourcecode.swift; path = Logger.swift; sourceTree = "<group>"; };
		A4B21272269D9C4E007E3B95 /* MessagingManager.swift */ = {isa = PBXFileReference; lastKnownFileType = sourcecode.swift; path = MessagingManager.swift; sourceTree = "<group>"; };
		A4B21276269DA093007E3B95 /* Chatee+PublicApi.swift */ = {isa = PBXFileReference; lastKnownFileType = sourcecode.swift; path = "Chatee+PublicApi.swift"; sourceTree = "<group>"; };
		A4B21278269DA7CE007E3B95 /* PresenceManager.swift */ = {isa = PBXFileReference; lastKnownFileType = sourcecode.swift; path = PresenceManager.swift; sourceTree = "<group>"; };
		A4B2127A269DA91D007E3B95 /* FileTransferManager.swift */ = {isa = PBXFileReference; lastKnownFileType = sourcecode.swift; path = FileTransferManager.swift; sourceTree = "<group>"; };
		A4B21280269DB26F007E3B95 /* OTRKit.xcodeproj */ = {isa = PBXFileReference; lastKnownFileType = "wrapper.pb-project"; name = OTRKit.xcodeproj; path = OTRKit/OTRKit.xcodeproj; sourceTree = "<group>"; };
		A4C07C1F269852D000366946 /* ContactManager.swift */ = {isa = PBXFileReference; lastKnownFileType = sourcecode.swift; path = ContactManager.swift; sourceTree = "<group>"; };
		A4C07C22269853AE00366946 /* ContactStorage.swift */ = {isa = PBXFileReference; lastKnownFileType = sourcecode.swift; path = ContactStorage.swift; sourceTree = "<group>"; };
		A4C07C24269853CE00366946 /* Constant.swift */ = {isa = PBXFileReference; lastKnownFileType = sourcecode.swift; path = Constant.swift; sourceTree = "<group>"; };
		A4C07C272698543600366946 /* ContactDBModel.swift */ = {isa = PBXFileReference; lastKnownFileType = sourcecode.swift; path = ContactDBModel.swift; sourceTree = "<group>"; };
		A4C07C29269854AD00366946 /* Errors.swift */ = {isa = PBXFileReference; lastKnownFileType = sourcecode.swift; path = Errors.swift; sourceTree = "<group>"; };
		A4C07C2B269858D500366946 /* OmemoStorage.swift */ = {isa = PBXFileReference; lastKnownFileType = sourcecode.swift; path = OmemoStorage.swift; sourceTree = "<group>"; };
		A4C07C2D269858EE00366946 /* OmemoDeviceDBModel.swift */ = {isa = PBXFileReference; lastKnownFileType = sourcecode.swift; path = OmemoDeviceDBModel.swift; sourceTree = "<group>"; };
		A4C07C2F2698590200366946 /* SessionDBModel.swift */ = {isa = PBXFileReference; lastKnownFileType = sourcecode.swift; path = SessionDBModel.swift; sourceTree = "<group>"; };
		A4C07C312698593A00366946 /* SignedPreKeyDBModel.swift */ = {isa = PBXFileReference; lastKnownFileType = sourcecode.swift; path = SignedPreKeyDBModel.swift; sourceTree = "<group>"; };
		A4C07C332698594E00366946 /* SignalIdentityDBModel.swift */ = {isa = PBXFileReference; lastKnownFileType = sourcecode.swift; path = SignalIdentityDBModel.swift; sourceTree = "<group>"; };
		A4C07C352698596300366946 /* SenderKeyDBModel.swift */ = {isa = PBXFileReference; lastKnownFileType = sourcecode.swift; path = SenderKeyDBModel.swift; sourceTree = "<group>"; };
		A4C07C372698597700366946 /* PreKeyDBModel.swift */ = {isa = PBXFileReference; lastKnownFileType = sourcecode.swift; path = PreKeyDBModel.swift; sourceTree = "<group>"; };
		A4C07C3926985D1700366946 /* SignalStorage.swift */ = {isa = PBXFileReference; lastKnownFileType = sourcecode.swift; path = SignalStorage.swift; sourceTree = "<group>"; };
		A4C07C3D26985E0700366946 /* Omemo+Extension.swift */ = {isa = PBXFileReference; lastKnownFileType = sourcecode.swift; path = "Omemo+Extension.swift"; sourceTree = "<group>"; };
		A4C07C3F26985EE000366946 /* MessageDBModel.swift */ = {isa = PBXFileReference; lastKnownFileType = sourcecode.swift; path = MessageDBModel.swift; sourceTree = "<group>"; };
		A4C07C4126985F0000366946 /* RoomDBModel.swift */ = {isa = PBXFileReference; lastKnownFileType = sourcecode.swift; path = RoomDBModel.swift; sourceTree = "<group>"; };
		A4C07C4326985F3500366946 /* MessageStorage.swift */ = {isa = PBXFileReference; lastKnownFileType = sourcecode.swift; path = MessageStorage.swift; sourceTree = "<group>"; };
		A4C07C452698601F00366946 /* OutgoingMessage.swift */ = {isa = PBXFileReference; lastKnownFileType = sourcecode.swift; path = OutgoingMessage.swift; sourceTree = "<group>"; };
		A4C07C472698622000366946 /* VCardManager.swift */ = {isa = PBXFileReference; lastKnownFileType = sourcecode.swift; path = VCardManager.swift; sourceTree = "<group>"; };
		A4C07C492698622D00366946 /* OmemoManager.swift */ = {isa = PBXFileReference; lastKnownFileType = sourcecode.swift; path = OmemoManager.swift; sourceTree = "<group>"; };
		A4CCE0EC269C6E250022B220 /* KeyGenerator.swift */ = {isa = PBXFileReference; lastKnownFileType = sourcecode.swift; path = KeyGenerator.swift; sourceTree = "<group>"; };
		A4CCE0EE269C6E680022B220 /* SignalHelper.swift */ = {isa = PBXFileReference; lastKnownFileType = sourcecode.swift; path = SignalHelper.swift; sourceTree = "<group>"; };
		A4CCE0F1269C6F220022B220 /* SignalManager.swift */ = {isa = PBXFileReference; lastKnownFileType = sourcecode.swift; path = SignalManager.swift; sourceTree = "<group>"; };
		A4CCE0F3269C73390022B220 /* String+toJSON.swift */ = {isa = PBXFileReference; lastKnownFileType = sourcecode.swift; path = "String+toJSON.swift"; sourceTree = "<group>"; };
		A4E294E62695B55D00E46B18 /* Chatee.framework */ = {isa = PBXFileReference; explicitFileType = wrapper.framework; includeInIndex = 0; path = Chatee.framework; sourceTree = BUILT_PRODUCTS_DIR; };
		A4E294E92695B55D00E46B18 /* Chatee.h */ = {isa = PBXFileReference; lastKnownFileType = sourcecode.c.h; path = Chatee.h; sourceTree = "<group>"; };
		A4E294EA2695B55D00E46B18 /* Info.plist */ = {isa = PBXFileReference; lastKnownFileType = text.plist.xml; path = Info.plist; sourceTree = "<group>"; };
		A4E294EF2695B55E00E46B18 /* ChateeTests.xctest */ = {isa = PBXFileReference; explicitFileType = wrapper.cfbundle; includeInIndex = 0; path = ChateeTests.xctest; sourceTree = BUILT_PRODUCTS_DIR; };
		A4E294F42695B55E00E46B18 /* ChateeTests.swift */ = {isa = PBXFileReference; lastKnownFileType = sourcecode.swift; path = ChateeTests.swift; sourceTree = "<group>"; };
		A4E294F62695B55E00E46B18 /* Info.plist */ = {isa = PBXFileReference; lastKnownFileType = text.plist.xml; path = Info.plist; sourceTree = "<group>"; };
		A4E2950E2695F1F100E46B18 /* SignalProtocolObjC.framework */ = {isa = PBXFileReference; lastKnownFileType = wrapper.framework; name = SignalProtocolObjC.framework; path = Carthage/Build/iOS/SignalProtocolObjC.framework; sourceTree = "<group>"; };
		A4E2950F2695F1F100E46B18 /* SignalProtocolC.framework */ = {isa = PBXFileReference; lastKnownFileType = wrapper.framework; name = SignalProtocolC.framework; path = Carthage/Build/iOS/SignalProtocolC.framework; sourceTree = "<group>"; };
		A4E295232695F40200E46B18 /* Chatee.swift */ = {isa = PBXFileReference; lastKnownFileType = sourcecode.swift; path = Chatee.swift; sourceTree = "<group>"; };
		A4E295252695F43C00E46B18 /* ChateeProfileDelegate.swift */ = {isa = PBXFileReference; lastKnownFileType = sourcecode.swift; path = ChateeProfileDelegate.swift; sourceTree = "<group>"; };
		A4E295272695F48100E46B18 /* ChateeConversationDelegate.swift */ = {isa = PBXFileReference; lastKnownFileType = sourcecode.swift; path = ChateeConversationDelegate.swift; sourceTree = "<group>"; };
		A4E295292695F49000E46B18 /* ChateeContactDelegate.swift */ = {isa = PBXFileReference; lastKnownFileType = sourcecode.swift; path = ChateeContactDelegate.swift; sourceTree = "<group>"; };
		A4E2952B2695F49D00E46B18 /* ChateeErrorDelegate.swift */ = {isa = PBXFileReference; lastKnownFileType = sourcecode.swift; path = ChateeErrorDelegate.swift; sourceTree = "<group>"; };
		A4E2952F2695F66100E46B18 /* ChateeConversation.swift */ = {isa = PBXFileReference; lastKnownFileType = sourcecode.swift; path = ChateeConversation.swift; sourceTree = "<group>"; };
		A4E295312695F66E00E46B18 /* ChateeMessage.swift */ = {isa = PBXFileReference; lastKnownFileType = sourcecode.swift; path = ChateeMessage.swift; sourceTree = "<group>"; };
		A4E295332695F67700E46B18 /* ChateeMessageStatus.swift */ = {isa = PBXFileReference; lastKnownFileType = sourcecode.swift; path = ChateeMessageStatus.swift; sourceTree = "<group>"; };
		A4E295352695F67F00E46B18 /* ChateeContact.swift */ = {isa = PBXFileReference; lastKnownFileType = sourcecode.swift; path = ChateeContact.swift; sourceTree = "<group>"; };
		A4E295372695F69B00E46B18 /* ChateeRecentConversation.swift */ = {isa = PBXFileReference; lastKnownFileType = sourcecode.swift; path = ChateeRecentConversation.swift; sourceTree = "<group>"; };
		A4E295392695F6AB00E46B18 /* ChateeFile.swift */ = {isa = PBXFileReference; lastKnownFileType = sourcecode.swift; path = ChateeFile.swift; sourceTree = "<group>"; };
		A4E2953B2695F6B600E46B18 /* ChateePresenceStatus.swift */ = {isa = PBXFileReference; lastKnownFileType = sourcecode.swift; path = ChateePresenceStatus.swift; sourceTree = "<group>"; };
		A4E2953D2695F6D000E46B18 /* ChateeChatState.swift */ = {isa = PBXFileReference; lastKnownFileType = sourcecode.swift; path = ChateeChatState.swift; sourceTree = "<group>"; };
		A4E2953F2695F6DD00E46B18 /* ChateeContactSubscription.swift */ = {isa = PBXFileReference; lastKnownFileType = sourcecode.swift; path = ChateeContactSubscription.swift; sourceTree = "<group>"; };
		A4E295422695F70400E46B18 /* ChateeError.swift */ = {isa = PBXFileReference; lastKnownFileType = sourcecode.swift; path = ChateeError.swift; sourceTree = "<group>"; };
		A4E2954D2695FA2000E46B18 /* Chatee+Delegates.swift */ = {isa = PBXFileReference; lastKnownFileType = sourcecode.swift; path = "Chatee+Delegates.swift"; sourceTree = "<group>"; };
/* End PBXFileReference section */

/* Begin PBXFrameworksBuildPhase section */
		A4E294E32695B55D00E46B18 /* Frameworks */ = {
			isa = PBXFrameworksBuildPhase;
			buildActionMask = 2147483647;
			files = (
				A4B21289269DB274007E3B95 /* OTRKit.framework in Frameworks */,
				A4E2950A2695F18900E46B18 /* XMPPFramework in Frameworks */,
				A48EA8072696E6D400510E05 /* SignalProtocolObjC.framework in Frameworks */,
				A4E295072695F15B00E46B18 /* RealmSwift in Frameworks */,
				A4E2950C2695F18900E46B18 /* XMPPFrameworkSwift in Frameworks */,
				A4E295052695F15B00E46B18 /* Realm in Frameworks */,
				A48EA8032696E6D200510E05 /* SignalProtocolC.framework in Frameworks */,
			);
			runOnlyForDeploymentPostprocessing = 0;
		};
		A4E294EC2695B55E00E46B18 /* Frameworks */ = {
			isa = PBXFrameworksBuildPhase;
			buildActionMask = 2147483647;
			files = (
				A4E294F02695B55E00E46B18 /* Chatee.framework in Frameworks */,
			);
			runOnlyForDeploymentPostprocessing = 0;
		};
/* End PBXFrameworksBuildPhase section */

/* Begin PBXGroup section */
		A48EA80A2696E9C500510E05 /* Managers */ = {
			isa = PBXGroup;
			children = (
				A4C07C1F269852D000366946 /* ContactManager.swift */,
				A4B21272269D9C4E007E3B95 /* MessagingManager.swift */,
				A4C07C492698622D00366946 /* OmemoManager.swift */,
				A4C07C472698622000366946 /* VCardManager.swift */,
				A4B21278269DA7CE007E3B95 /* PresenceManager.swift */,
				A4B2127A269DA91D007E3B95 /* FileTransferManager.swift */,
				A4CCE0F1269C6F220022B220 /* SignalManager.swift */,
			);
			path = Managers;
			sourceTree = "<group>";
		};
		A4B21281269DB26F007E3B95 /* Products */ = {
			isa = PBXGroup;
			children = (
				A4B21286269DB270007E3B95 /* OTRKit.framework */,
				A4B21288269DB270007E3B95 /* OTRKit.framework */,
			);
			name = Products;
			sourceTree = "<group>";
		};
		A4C07C212698533D00366946 /* Storage */ = {
			isa = PBXGroup;
			children = (
				A4C07C22269853AE00366946 /* ContactStorage.swift */,
				A4C07C4326985F3500366946 /* MessageStorage.swift */,
				A4C07C2B269858D500366946 /* OmemoStorage.swift */,
				A4C07C3926985D1700366946 /* SignalStorage.swift */,
				A4C07C262698542A00366946 /* Models */,
			);
			path = Storage;
			sourceTree = "<group>";
		};
		A4C07C262698542A00366946 /* Models */ = {
			isa = PBXGroup;
			children = (
				A4C07C272698543600366946 /* ContactDBModel.swift */,
				A4C07C2D269858EE00366946 /* OmemoDeviceDBModel.swift */,
				A4C07C2F2698590200366946 /* SessionDBModel.swift */,
				A4C07C312698593A00366946 /* SignedPreKeyDBModel.swift */,
				A4C07C332698594E00366946 /* SignalIdentityDBModel.swift */,
				A4C07C352698596300366946 /* SenderKeyDBModel.swift */,
				A4C07C372698597700366946 /* PreKeyDBModel.swift */,
				A4C07C3F26985EE000366946 /* MessageDBModel.swift */,
				A4C07C4126985F0000366946 /* RoomDBModel.swift */,
			);
			path = Models;
			sourceTree = "<group>";
		};
		A4C07C3B26985DCB00366946 /* Extensions */ = {
			isa = PBXGroup;
			children = (
				A4C07C3D26985E0700366946 /* Omemo+Extension.swift */,
				A4CCE0F3269C73390022B220 /* String+toJSON.swift */,
			);
			path = Extensions;
			sourceTree = "<group>";
		};
		A4C07C3C26985DDC00366946 /* Utils */ = {
			isa = PBXGroup;
			children = (
				A48EA8132697496500510E05 /* Logger.swift */,
				A4C07C24269853CE00366946 /* Constant.swift */,
			);
			path = Utils;
			sourceTree = "<group>";
		};
		A4CCE0F0269C6F060022B220 /* EncryptionHelpers */ = {
			isa = PBXGroup;
			children = (
				A4CCE0EC269C6E250022B220 /* KeyGenerator.swift */,
				A4CCE0EE269C6E680022B220 /* SignalHelper.swift */,
			);
			path = EncryptionHelpers;
			sourceTree = "<group>";
		};
		A4E294DC2695B55D00E46B18 = {
			isa = PBXGroup;
			children = (
				A4B21280269DB26F007E3B95 /* OTRKit.xcodeproj */,
				A4E294E82695B55D00E46B18 /* Chatee */,
				A4E294F32695B55E00E46B18 /* ChateeTests */,
				A4E294E72695B55D00E46B18 /* Products */,
				A4E2950D2695F1F100E46B18 /* Frameworks */,
			);
			sourceTree = "<group>";
		};
		A4E294E72695B55D00E46B18 /* Products */ = {
			isa = PBXGroup;
			children = (
				A4E294E62695B55D00E46B18 /* Chatee.framework */,
				A4E294EF2695B55E00E46B18 /* ChateeTests.xctest */,
			);
			name = Products;
			sourceTree = "<group>";
		};
		A4E294E82695B55D00E46B18 /* Chatee */ = {
			isa = PBXGroup;
			children = (
				A4E294E92695B55D00E46B18 /* Chatee.h */,
				A4E294EA2695B55D00E46B18 /* Info.plist */,
				A4E295002695F06500E46B18 /* Sources */,
			);
			path = Chatee;
			sourceTree = "<group>";
		};
		A4E294F32695B55E00E46B18 /* ChateeTests */ = {
			isa = PBXGroup;
			children = (
				A4E294F42695B55E00E46B18 /* ChateeTests.swift */,
				A4E294F62695B55E00E46B18 /* Info.plist */,
			);
			path = ChateeTests;
			sourceTree = "<group>";
		};
		A4E295002695F06500E46B18 /* Sources */ = {
			isa = PBXGroup;
			children = (
				A4E295012695F09300E46B18 /* Public */,
				A4E295022695F09800E46B18 /* Private */,
			);
			path = Sources;
			sourceTree = "<group>";
		};
		A4E295012695F09300E46B18 /* Public */ = {
			isa = PBXGroup;
			children = (
				A4E295232695F40200E46B18 /* Chatee.swift */,
				A4B21276269DA093007E3B95 /* Chatee+PublicApi.swift */,
				A4E2954D2695FA2000E46B18 /* Chatee+Delegates.swift */,
				A4E2952D2695F62200E46B18 /* Delegates */,
				A4E2952E2695F62800E46B18 /* Entities */,
			);
			path = Public;
			sourceTree = "<group>";
		};
		A4E295022695F09800E46B18 /* Private */ = {
			isa = PBXGroup;
			children = (
				A48EA80B2696E9D700510E05 /* MainManager.swift */,
				A48EA80F2697450000510E05 /* Configuration.swift */,
				A48EA80A2696E9C500510E05 /* Managers */,
				A4C07C212698533D00366946 /* Storage */,
				A4C07C3B26985DCB00366946 /* Extensions */,
				A4CCE0F0269C6F060022B220 /* EncryptionHelpers */,
				A4C07C3C26985DDC00366946 /* Utils */,
				A4C07C452698601F00366946 /* OutgoingMessage.swift */,
				A4C07C29269854AD00366946 /* Errors.swift */,
			);
			path = Private;
			sourceTree = "<group>";
		};
		A4E2950D2695F1F100E46B18 /* Frameworks */ = {
			isa = PBXGroup;
			children = (
				A4E2950F2695F1F100E46B18 /* SignalProtocolC.framework */,
				A4E2950E2695F1F100E46B18 /* SignalProtocolObjC.framework */,
			);
			name = Frameworks;
			sourceTree = "<group>";
		};
		A4E2952D2695F62200E46B18 /* Delegates */ = {
			isa = PBXGroup;
			children = (
				A4E295252695F43C00E46B18 /* ChateeProfileDelegate.swift */,
				A4E295272695F48100E46B18 /* ChateeConversationDelegate.swift */,
				A4E295292695F49000E46B18 /* ChateeContactDelegate.swift */,
				A4E2952B2695F49D00E46B18 /* ChateeErrorDelegate.swift */,
			);
			path = Delegates;
			sourceTree = "<group>";
		};
		A4E2952E2695F62800E46B18 /* Entities */ = {
			isa = PBXGroup;
			children = (
				A4E2952F2695F66100E46B18 /* ChateeConversation.swift */,
				A4E295372695F69B00E46B18 /* ChateeRecentConversation.swift */,
				A4E295312695F66E00E46B18 /* ChateeMessage.swift */,
				A4E295332695F67700E46B18 /* ChateeMessageStatus.swift */,
				A4E295352695F67F00E46B18 /* ChateeContact.swift */,
				A4E295392695F6AB00E46B18 /* ChateeFile.swift */,
				A4E2953B2695F6B600E46B18 /* ChateePresenceStatus.swift */,
				A4E2953D2695F6D000E46B18 /* ChateeChatState.swift */,
				A4E2953F2695F6DD00E46B18 /* ChateeContactSubscription.swift */,
				A4E295422695F70400E46B18 /* ChateeError.swift */,
			);
			path = Entities;
			sourceTree = "<group>";
		};
/* End PBXGroup section */

/* Begin PBXHeadersBuildPhase section */
		A4E294E12695B55D00E46B18 /* Headers */ = {
			isa = PBXHeadersBuildPhase;
			buildActionMask = 2147483647;
			files = (
				A4E294F72695B55E00E46B18 /* Chatee.h in Headers */,
			);
			runOnlyForDeploymentPostprocessing = 0;
		};
/* End PBXHeadersBuildPhase section */

/* Begin PBXNativeTarget section */
		A4E294E52695B55D00E46B18 /* Chatee */ = {
			isa = PBXNativeTarget;
			buildConfigurationList = A4E294FA2695B55E00E46B18 /* Build configuration list for PBXNativeTarget "Chatee" */;
			buildPhases = (
				A4E294E12695B55D00E46B18 /* Headers */,
				A4E294E22695B55D00E46B18 /* Sources */,
				A4E294E32695B55D00E46B18 /* Frameworks */,
				A4E294E42695B55D00E46B18 /* Resources */,
				A4E295222695F38900E46B18 /* Embed Frameworks */,
			);
			buildRules = (
			);
			dependencies = (
			);
			name = Chatee;
			packageProductDependencies = (
				A4E295042695F15B00E46B18 /* Realm */,
				A4E295062695F15B00E46B18 /* RealmSwift */,
				A4E295092695F18900E46B18 /* XMPPFramework */,
				A4E2950B2695F18900E46B18 /* XMPPFrameworkSwift */,
			);
			productName = Chatee;
			productReference = A4E294E62695B55D00E46B18 /* Chatee.framework */;
			productType = "com.apple.product-type.framework";
		};
		A4E294EE2695B55E00E46B18 /* ChateeTests */ = {
			isa = PBXNativeTarget;
			buildConfigurationList = A4E294FD2695B55E00E46B18 /* Build configuration list for PBXNativeTarget "ChateeTests" */;
			buildPhases = (
				A4E294EB2695B55E00E46B18 /* Sources */,
				A4E294EC2695B55E00E46B18 /* Frameworks */,
				A4E294ED2695B55E00E46B18 /* Resources */,
			);
			buildRules = (
			);
			dependencies = (
				A4E294F22695B55E00E46B18 /* PBXTargetDependency */,
			);
			name = ChateeTests;
			productName = ChateeTests;
			productReference = A4E294EF2695B55E00E46B18 /* ChateeTests.xctest */;
			productType = "com.apple.product-type.bundle.unit-test";
		};
/* End PBXNativeTarget section */

/* Begin PBXProject section */
		A4E294DD2695B55D00E46B18 /* Project object */ = {
			isa = PBXProject;
			attributes = {
				LastSwiftUpdateCheck = 1250;
				LastUpgradeCheck = 1250;
				TargetAttributes = {
					A4E294E52695B55D00E46B18 = {
						CreatedOnToolsVersion = 12.5;
						LastSwiftMigration = 1250;
					};
					A4E294EE2695B55E00E46B18 = {
						CreatedOnToolsVersion = 12.5;
					};
				};
			};
			buildConfigurationList = A4E294E02695B55D00E46B18 /* Build configuration list for PBXProject "Chatee" */;
			compatibilityVersion = "Xcode 9.3";
			developmentRegion = en;
			hasScannedForEncodings = 0;
			knownRegions = (
				en,
				Base,
			);
			mainGroup = A4E294DC2695B55D00E46B18;
			packageReferences = (
				A4E295032695F15B00E46B18 /* XCRemoteSwiftPackageReference "realm-cocoa" */,
				A4E295082695F18900E46B18 /* XCRemoteSwiftPackageReference "XMPPFramework" */,
			);
			productRefGroup = A4E294E72695B55D00E46B18 /* Products */;
			projectDirPath = "";
			projectReferences = (
				{
					ProductGroup = A4B21281269DB26F007E3B95 /* Products */;
					ProjectRef = A4B21280269DB26F007E3B95 /* OTRKit.xcodeproj */;
				},
			);
			projectRoot = "";
			targets = (
				A4E294E52695B55D00E46B18 /* Chatee */,
				A4E294EE2695B55E00E46B18 /* ChateeTests */,
			);
		};
/* End PBXProject section */

/* Begin PBXReferenceProxy section */
		A4B21286269DB270007E3B95 /* OTRKit.framework */ = {
			isa = PBXReferenceProxy;
			fileType = wrapper.framework;
			path = OTRKit.framework;
			remoteRef = A4B21285269DB270007E3B95 /* PBXContainerItemProxy */;
			sourceTree = BUILT_PRODUCTS_DIR;
		};
		A4B21288269DB270007E3B95 /* OTRKit.framework */ = {
			isa = PBXReferenceProxy;
			fileType = wrapper.framework;
			path = OTRKit.framework;
			remoteRef = A4B21287269DB270007E3B95 /* PBXContainerItemProxy */;
			sourceTree = BUILT_PRODUCTS_DIR;
		};
/* End PBXReferenceProxy section */

/* Begin PBXResourcesBuildPhase section */
		A4E294E42695B55D00E46B18 /* Resources */ = {
			isa = PBXResourcesBuildPhase;
			buildActionMask = 2147483647;
			files = (
			);
			runOnlyForDeploymentPostprocessing = 0;
		};
		A4E294ED2695B55E00E46B18 /* Resources */ = {
			isa = PBXResourcesBuildPhase;
			buildActionMask = 2147483647;
			files = (
			);
			runOnlyForDeploymentPostprocessing = 0;
		};
/* End PBXResourcesBuildPhase section */

/* Begin PBXSourcesBuildPhase section */
		A4E294E22695B55D00E46B18 /* Sources */ = {
			isa = PBXSourcesBuildPhase;
			buildActionMask = 2147483647;
			files = (
				A4E2953C2695F6B600E46B18 /* ChateePresenceStatus.swift in Sources */,
				A4B21277269DA093007E3B95 /* Chatee+PublicApi.swift in Sources */,
				A4C07C3A26985D1700366946 /* SignalStorage.swift in Sources */,
				A4C07C322698593A00366946 /* SignedPreKeyDBModel.swift in Sources */,
				A4C07C4226985F0000366946 /* RoomDBModel.swift in Sources */,
				A4C07C4026985EE000366946 /* MessageDBModel.swift in Sources */,
				A4E295262695F43C00E46B18 /* ChateeProfileDelegate.swift in Sources */,
				A4E295282695F48100E46B18 /* ChateeConversationDelegate.swift in Sources */,
				A4C07C4A2698622D00366946 /* OmemoManager.swift in Sources */,
				A48EA8102697450000510E05 /* Configuration.swift in Sources */,
				A4C07C2A269854AD00366946 /* Errors.swift in Sources */,
				A4E295432695F70400E46B18 /* ChateeError.swift in Sources */,
				A4C07C482698622000366946 /* VCardManager.swift in Sources */,
				A4C07C282698543600366946 /* ContactDBModel.swift in Sources */,
				A4C07C3E26985E0700366946 /* Omemo+Extension.swift in Sources */,
				A4E2953A2695F6AB00E46B18 /* ChateeFile.swift in Sources */,
				A4C07C4426985F3500366946 /* MessageStorage.swift in Sources */,
				A4C07C2C269858D500366946 /* OmemoStorage.swift in Sources */,
				A4C07C20269852D000366946 /* ContactManager.swift in Sources */,
				A4C07C342698594E00366946 /* SignalIdentityDBModel.swift in Sources */,
				A4C07C382698597700366946 /* PreKeyDBModel.swift in Sources */,
				A4E295302695F66100E46B18 /* ChateeConversation.swift in Sources */,
				A4CCE0EF269C6E680022B220 /* SignalHelper.swift in Sources */,
				A4E295242695F40200E46B18 /* Chatee.swift in Sources */,
				A4E2954E2695FA2000E46B18 /* Chatee+Delegates.swift in Sources */,
				A4CCE0F4269C73390022B220 /* String+toJSON.swift in Sources */,
				A48EA80C2696E9D700510E05 /* MainManager.swift in Sources */,
				A4B21273269D9C4E007E3B95 /* MessagingManager.swift in Sources */,
				A4E2952C2695F49D00E46B18 /* ChateeErrorDelegate.swift in Sources */,
				A4E295402695F6DD00E46B18 /* ChateeContactSubscription.swift in Sources */,
				A4C07C23269853AE00366946 /* ContactStorage.swift in Sources */,
				A4E295362695F67F00E46B18 /* ChateeContact.swift in Sources */,
				A4B21279269DA7CE007E3B95 /* PresenceManager.swift in Sources */,
				A4B2127B269DA91D007E3B95 /* FileTransferManager.swift in Sources */,
				A4C07C362698596300366946 /* SenderKeyDBModel.swift in Sources */,
				A4E2952A2695F49000E46B18 /* ChateeContactDelegate.swift in Sources */,
				A48EA8142697496500510E05 /* Logger.swift in Sources */,
				A4E295382695F69B00E46B18 /* ChateeRecentConversation.swift in Sources */,
				A4E295322695F66E00E46B18 /* ChateeMessage.swift in Sources */,
				A4C07C462698601F00366946 /* OutgoingMessage.swift in Sources */,
				A4C07C302698590200366946 /* SessionDBModel.swift in Sources */,
				A4C07C25269853CE00366946 /* Constant.swift in Sources */,
				A4E2953E2695F6D000E46B18 /* ChateeChatState.swift in Sources */,
				A4CCE0ED269C6E250022B220 /* KeyGenerator.swift in Sources */,
				A4E295342695F67700E46B18 /* ChateeMessageStatus.swift in Sources */,
				A4C07C2E269858EE00366946 /* OmemoDeviceDBModel.swift in Sources */,
				A4CCE0F2269C6F220022B220 /* SignalManager.swift in Sources */,
			);
			runOnlyForDeploymentPostprocessing = 0;
		};
		A4E294EB2695B55E00E46B18 /* Sources */ = {
			isa = PBXSourcesBuildPhase;
			buildActionMask = 2147483647;
			files = (
				A4E294F52695B55E00E46B18 /* ChateeTests.swift in Sources */,
			);
			runOnlyForDeploymentPostprocessing = 0;
		};
/* End PBXSourcesBuildPhase section */

/* Begin PBXTargetDependency section */
		A4E294F22695B55E00E46B18 /* PBXTargetDependency */ = {
			isa = PBXTargetDependency;
			target = A4E294E52695B55D00E46B18 /* Chatee */;
			targetProxy = A4E294F12695B55E00E46B18 /* PBXContainerItemProxy */;
		};
/* End PBXTargetDependency section */

/* Begin XCBuildConfiguration section */
		A4E294F82695B55E00E46B18 /* Debug */ = {
			isa = XCBuildConfiguration;
			buildSettings = {
				ALWAYS_SEARCH_USER_PATHS = NO;
				CLANG_ANALYZER_NONNULL = YES;
				CLANG_ANALYZER_NUMBER_OBJECT_CONVERSION = YES_AGGRESSIVE;
				CLANG_CXX_LANGUAGE_STANDARD = "gnu++14";
				CLANG_CXX_LIBRARY = "libc++";
				CLANG_ENABLE_MODULES = YES;
				CLANG_ENABLE_OBJC_ARC = YES;
				CLANG_ENABLE_OBJC_WEAK = YES;
				CLANG_WARN_BLOCK_CAPTURE_AUTORELEASING = YES;
				CLANG_WARN_BOOL_CONVERSION = YES;
				CLANG_WARN_COMMA = YES;
				CLANG_WARN_CONSTANT_CONVERSION = YES;
				CLANG_WARN_DEPRECATED_OBJC_IMPLEMENTATIONS = YES;
				CLANG_WARN_DIRECT_OBJC_ISA_USAGE = YES_ERROR;
				CLANG_WARN_DOCUMENTATION_COMMENTS = YES;
				CLANG_WARN_EMPTY_BODY = YES;
				CLANG_WARN_ENUM_CONVERSION = YES;
				CLANG_WARN_INFINITE_RECURSION = YES;
				CLANG_WARN_INT_CONVERSION = YES;
				CLANG_WARN_NON_LITERAL_NULL_CONVERSION = YES;
				CLANG_WARN_OBJC_IMPLICIT_RETAIN_SELF = YES;
				CLANG_WARN_OBJC_LITERAL_CONVERSION = YES;
				CLANG_WARN_OBJC_ROOT_CLASS = YES_ERROR;
				CLANG_WARN_QUOTED_INCLUDE_IN_FRAMEWORK_HEADER = YES;
				CLANG_WARN_RANGE_LOOP_ANALYSIS = YES;
				CLANG_WARN_STRICT_PROTOTYPES = YES;
				CLANG_WARN_SUSPICIOUS_MOVE = YES;
				CLANG_WARN_UNGUARDED_AVAILABILITY = YES_AGGRESSIVE;
				CLANG_WARN_UNREACHABLE_CODE = YES;
				CLANG_WARN__DUPLICATE_METHOD_MATCH = YES;
				COPY_PHASE_STRIP = NO;
				CURRENT_PROJECT_VERSION = 1;
				DEBUG_INFORMATION_FORMAT = dwarf;
				ENABLE_STRICT_OBJC_MSGSEND = YES;
				ENABLE_TESTABILITY = YES;
				GCC_C_LANGUAGE_STANDARD = gnu11;
				GCC_DYNAMIC_NO_PIC = NO;
				GCC_NO_COMMON_BLOCKS = YES;
				GCC_OPTIMIZATION_LEVEL = 0;
				GCC_PREPROCESSOR_DEFINITIONS = (
					"DEBUG=1",
					"$(inherited)",
				);
				GCC_WARN_64_TO_32_BIT_CONVERSION = YES;
				GCC_WARN_ABOUT_RETURN_TYPE = YES_ERROR;
				GCC_WARN_UNDECLARED_SELECTOR = YES;
				GCC_WARN_UNINITIALIZED_AUTOS = YES_AGGRESSIVE;
				GCC_WARN_UNUSED_FUNCTION = YES;
				GCC_WARN_UNUSED_VARIABLE = YES;
				IPHONEOS_DEPLOYMENT_TARGET = 14.5;
				MTL_ENABLE_DEBUG_INFO = INCLUDE_SOURCE;
				MTL_FAST_MATH = YES;
				ONLY_ACTIVE_ARCH = YES;
				SDKROOT = iphoneos;
				SWIFT_ACTIVE_COMPILATION_CONDITIONS = DEBUG;
				SWIFT_OPTIMIZATION_LEVEL = "-Onone";
				VERSIONING_SYSTEM = "apple-generic";
				VERSION_INFO_PREFIX = "";
			};
			name = Debug;
		};
		A4E294F92695B55E00E46B18 /* Release */ = {
			isa = XCBuildConfiguration;
			buildSettings = {
				ALWAYS_SEARCH_USER_PATHS = NO;
				CLANG_ANALYZER_NONNULL = YES;
				CLANG_ANALYZER_NUMBER_OBJECT_CONVERSION = YES_AGGRESSIVE;
				CLANG_CXX_LANGUAGE_STANDARD = "gnu++14";
				CLANG_CXX_LIBRARY = "libc++";
				CLANG_ENABLE_MODULES = YES;
				CLANG_ENABLE_OBJC_ARC = YES;
				CLANG_ENABLE_OBJC_WEAK = YES;
				CLANG_WARN_BLOCK_CAPTURE_AUTORELEASING = YES;
				CLANG_WARN_BOOL_CONVERSION = YES;
				CLANG_WARN_COMMA = YES;
				CLANG_WARN_CONSTANT_CONVERSION = YES;
				CLANG_WARN_DEPRECATED_OBJC_IMPLEMENTATIONS = YES;
				CLANG_WARN_DIRECT_OBJC_ISA_USAGE = YES_ERROR;
				CLANG_WARN_DOCUMENTATION_COMMENTS = YES;
				CLANG_WARN_EMPTY_BODY = YES;
				CLANG_WARN_ENUM_CONVERSION = YES;
				CLANG_WARN_INFINITE_RECURSION = YES;
				CLANG_WARN_INT_CONVERSION = YES;
				CLANG_WARN_NON_LITERAL_NULL_CONVERSION = YES;
				CLANG_WARN_OBJC_IMPLICIT_RETAIN_SELF = YES;
				CLANG_WARN_OBJC_LITERAL_CONVERSION = YES;
				CLANG_WARN_OBJC_ROOT_CLASS = YES_ERROR;
				CLANG_WARN_QUOTED_INCLUDE_IN_FRAMEWORK_HEADER = YES;
				CLANG_WARN_RANGE_LOOP_ANALYSIS = YES;
				CLANG_WARN_STRICT_PROTOTYPES = YES;
				CLANG_WARN_SUSPICIOUS_MOVE = YES;
				CLANG_WARN_UNGUARDED_AVAILABILITY = YES_AGGRESSIVE;
				CLANG_WARN_UNREACHABLE_CODE = YES;
				CLANG_WARN__DUPLICATE_METHOD_MATCH = YES;
				COPY_PHASE_STRIP = NO;
				CURRENT_PROJECT_VERSION = 1;
				DEBUG_INFORMATION_FORMAT = "dwarf-with-dsym";
				ENABLE_NS_ASSERTIONS = NO;
				ENABLE_STRICT_OBJC_MSGSEND = YES;
				GCC_C_LANGUAGE_STANDARD = gnu11;
				GCC_NO_COMMON_BLOCKS = YES;
				GCC_WARN_64_TO_32_BIT_CONVERSION = YES;
				GCC_WARN_ABOUT_RETURN_TYPE = YES_ERROR;
				GCC_WARN_UNDECLARED_SELECTOR = YES;
				GCC_WARN_UNINITIALIZED_AUTOS = YES_AGGRESSIVE;
				GCC_WARN_UNUSED_FUNCTION = YES;
				GCC_WARN_UNUSED_VARIABLE = YES;
				IPHONEOS_DEPLOYMENT_TARGET = 14.5;
				MTL_ENABLE_DEBUG_INFO = NO;
				MTL_FAST_MATH = YES;
				SDKROOT = iphoneos;
				SWIFT_COMPILATION_MODE = wholemodule;
				SWIFT_OPTIMIZATION_LEVEL = "-O";
				VALIDATE_PRODUCT = YES;
				VERSIONING_SYSTEM = "apple-generic";
				VERSION_INFO_PREFIX = "";
			};
			name = Release;
		};
		A4E294FB2695B55E00E46B18 /* Debug */ = {
			isa = XCBuildConfiguration;
			buildSettings = {
				CLANG_ENABLE_MODULES = YES;
				CODE_SIGN_STYLE = Automatic;
				DEFINES_MODULE = YES;
				DEVELOPMENT_TEAM = 7U3WNLSX98;
				DYLIB_COMPATIBILITY_VERSION = 1;
				DYLIB_CURRENT_VERSION = 1;
				DYLIB_INSTALL_NAME_BASE = "@rpath";
				FRAMEWORK_SEARCH_PATHS = (
					"$(inherited)",
					"$(PROJECT_DIR)/Carthage/Build/iOS",
					"$(SRCROOT)/**",
				);
				INFOPLIST_FILE = Chatee/Info.plist;
				INSTALL_PATH = "$(LOCAL_LIBRARY_DIR)/Frameworks";
				IPHONEOS_DEPLOYMENT_TARGET = 11.0;
				LD_RUNPATH_SEARCH_PATHS = (
					"$(inherited)",
					"@executable_path/Frameworks",
					"@loader_path/Frameworks",
				);
				PRODUCT_BUNDLE_IDENTIFIER = com.alekdevv.Chatee;
				PRODUCT_NAME = "$(TARGET_NAME:c99extidentifier)";
				SKIP_INSTALL = YES;
				SWIFT_OPTIMIZATION_LEVEL = "-Onone";
				SWIFT_VERSION = 5.0;
				TARGETED_DEVICE_FAMILY = "1,2";
				VALIDATE_WORKSPACE = YES;
			};
			name = Debug;
		};
		A4E294FC2695B55E00E46B18 /* Release */ = {
			isa = XCBuildConfiguration;
			buildSettings = {
				CLANG_ENABLE_MODULES = YES;
				CODE_SIGN_STYLE = Automatic;
				DEFINES_MODULE = YES;
				DEVELOPMENT_TEAM = 7U3WNLSX98;
				DYLIB_COMPATIBILITY_VERSION = 1;
				DYLIB_CURRENT_VERSION = 1;
				DYLIB_INSTALL_NAME_BASE = "@rpath";
				FRAMEWORK_SEARCH_PATHS = (
					"$(inherited)",
					"$(PROJECT_DIR)/Carthage/Build/iOS",
					"$(SRCROOT)/**",
				);
				INFOPLIST_FILE = Chatee/Info.plist;
				INSTALL_PATH = "$(LOCAL_LIBRARY_DIR)/Frameworks";
				IPHONEOS_DEPLOYMENT_TARGET = 11.0;
				LD_RUNPATH_SEARCH_PATHS = (
					"$(inherited)",
					"@executable_path/Frameworks",
					"@loader_path/Frameworks",
				);
				PRODUCT_BUNDLE_IDENTIFIER = com.alekdevv.Chatee;
				PRODUCT_NAME = "$(TARGET_NAME:c99extidentifier)";
				SKIP_INSTALL = YES;
				SWIFT_VERSION = 5.0;
				TARGETED_DEVICE_FAMILY = "1,2";
				VALIDATE_WORKSPACE = YES;
			};
			name = Release;
		};
		A4E294FE2695B55E00E46B18 /* Debug */ = {
			isa = XCBuildConfiguration;
			buildSettings = {
				ALWAYS_EMBED_SWIFT_STANDARD_LIBRARIES = YES;
				CODE_SIGN_STYLE = Automatic;
				DEVELOPMENT_TEAM = 7U3WNLSX98;
				INFOPLIST_FILE = ChateeTests/Info.plist;
				LD_RUNPATH_SEARCH_PATHS = (
					"$(inherited)",
					"@executable_path/Frameworks",
					"@loader_path/Frameworks",
				);
				PRODUCT_BUNDLE_IDENTIFIER = com.alekdevv.ChateeTests;
				PRODUCT_NAME = "$(TARGET_NAME)";
				SWIFT_VERSION = 5.0;
				TARGETED_DEVICE_FAMILY = "1,2";
			};
			name = Debug;
		};
		A4E294FF2695B55E00E46B18 /* Release */ = {
			isa = XCBuildConfiguration;
			buildSettings = {
				ALWAYS_EMBED_SWIFT_STANDARD_LIBRARIES = YES;
				CODE_SIGN_STYLE = Automatic;
				DEVELOPMENT_TEAM = 7U3WNLSX98;
				INFOPLIST_FILE = ChateeTests/Info.plist;
				LD_RUNPATH_SEARCH_PATHS = (
					"$(inherited)",
					"@executable_path/Frameworks",
					"@loader_path/Frameworks",
				);
				PRODUCT_BUNDLE_IDENTIFIER = com.alekdevv.ChateeTests;
				PRODUCT_NAME = "$(TARGET_NAME)";
				SWIFT_VERSION = 5.0;
				TARGETED_DEVICE_FAMILY = "1,2";
			};
			name = Release;
		};
/* End XCBuildConfiguration section */

/* Begin XCConfigurationList section */
		A4E294E02695B55D00E46B18 /* Build configuration list for PBXProject "Chatee" */ = {
			isa = XCConfigurationList;
			buildConfigurations = (
				A4E294F82695B55E00E46B18 /* Debug */,
				A4E294F92695B55E00E46B18 /* Release */,
			);
			defaultConfigurationIsVisible = 0;
			defaultConfigurationName = Release;
		};
		A4E294FA2695B55E00E46B18 /* Build configuration list for PBXNativeTarget "Chatee" */ = {
			isa = XCConfigurationList;
			buildConfigurations = (
				A4E294FB2695B55E00E46B18 /* Debug */,
				A4E294FC2695B55E00E46B18 /* Release */,
			);
			defaultConfigurationIsVisible = 0;
			defaultConfigurationName = Release;
		};
		A4E294FD2695B55E00E46B18 /* Build configuration list for PBXNativeTarget "ChateeTests" */ = {
			isa = XCConfigurationList;
			buildConfigurations = (
				A4E294FE2695B55E00E46B18 /* Debug */,
				A4E294FF2695B55E00E46B18 /* Release */,
			);
			defaultConfigurationIsVisible = 0;
			defaultConfigurationName = Release;
		};
/* End XCConfigurationList section */

/* Begin XCRemoteSwiftPackageReference section */
		A4E295032695F15B00E46B18 /* XCRemoteSwiftPackageReference "realm-cocoa" */ = {
			isa = XCRemoteSwiftPackageReference;
			repositoryURL = "https://github.com/realm/realm-cocoa.git";
			requirement = {
				kind = upToNextMajorVersion;
				minimumVersion = 10.9.0;
			};
		};
		A4E295082695F18900E46B18 /* XCRemoteSwiftPackageReference "XMPPFramework" */ = {
			isa = XCRemoteSwiftPackageReference;
			repositoryURL = "https://github.com/robbiehanson/XMPPFramework.git";
			requirement = {
				kind = upToNextMajorVersion;
				minimumVersion = 4.1.0;
			};
		};
/* End XCRemoteSwiftPackageReference section */

/* Begin XCSwiftPackageProductDependency section */
		A4E295042695F15B00E46B18 /* Realm */ = {
			isa = XCSwiftPackageProductDependency;
			package = A4E295032695F15B00E46B18 /* XCRemoteSwiftPackageReference "realm-cocoa" */;
			productName = Realm;
		};
		A4E295062695F15B00E46B18 /* RealmSwift */ = {
			isa = XCSwiftPackageProductDependency;
			package = A4E295032695F15B00E46B18 /* XCRemoteSwiftPackageReference "realm-cocoa" */;
			productName = RealmSwift;
		};
		A4E295092695F18900E46B18 /* XMPPFramework */ = {
			isa = XCSwiftPackageProductDependency;
			package = A4E295082695F18900E46B18 /* XCRemoteSwiftPackageReference "XMPPFramework" */;
			productName = XMPPFramework;
		};
		A4E2950B2695F18900E46B18 /* XMPPFrameworkSwift */ = {
			isa = XCSwiftPackageProductDependency;
			package = A4E295082695F18900E46B18 /* XCRemoteSwiftPackageReference "XMPPFramework" */;
			productName = XMPPFrameworkSwift;
		};
/* End XCSwiftPackageProductDependency section */
	};
	rootObject = A4E294DD2695B55D00E46B18 /* Project object */;
}
